
Microsoft Visual Studio Solution File, Format Version 12.00
# Visual Studio Version 16
VisualStudioVersion = 16.0.31515.178
MinimumVisualStudioVersion = 10.0.40219.1
Project("{FAE04EC0-301F-11D3-BF4B-00C04F79EFBC}") = "ButtonGameProject", "ButtonGameProject\ButtonGameProject.csproj", "{A9B1E386-7001-4603-A2D4-AE2467BBC692}"
EndProject
Global
	GlobalSection(SolutionConfigurationPlatforms) = preSolution
		Debug|Any CPU = Debug|Any CPU
		Release|Any CPU = Release|Any CPU
	EndGlobalSection
	GlobalSection(ProjectConfigurationPlatforms) = postSolution
		{A9B1E386-7001-4603-A2D4-AE2467BBC692}.Debug|Any CPU.ActiveCfg = Debug|Any CPU
		{A9B1E386-7001-4603-A2D4-AE2467BBC692}.Debug|Any CPU.Build.0 = Debug|Any CPU
		{A9B1E386-7001-4603-A2D4-AE2467BBC692}.Release|Any CPU.ActiveCfg = Release|Any CPU
		{A9B1E386-7001-4603-A2D4-AE2467BBC692}.Release|Any CPU.Build.0 = Release|Any CPU
	EndGlobalSection
	GlobalSection(SolutionProperties) = preSolution
		HideSolutionNode = FALSE
	EndGlobalSection
	GlobalSection(ExtensibilityGlobals) = postSolution
		SolutionGuid = {A4780E6D-B65B-4962-8B27-1AE017518BDF}
	EndGlobalSection
EndGlobal
